
Microsoft Visual Studio Solution File, Format Version 12.00
# Visual Studio Version 16
VisualStudioVersion = 16.0.29709.97
MinimumVisualStudioVersion = 10.0.40219.1
Project("{8BC9CEB8-8B4A-11D0-8D11-00A0C91BC942}") = "JaProjektMainApp", "JaProjektMainApp\JaProjektMainApp.vcxproj", "{A2AE766C-ED35-4B3F-A3C9-EF30D03D5CAB}"
EndProject
Project("{8BC9CEB8-8B4A-11D0-8D11-00A0C91BC942}") = "JaProjektDllCpp", "JaProjektDllCpp\JaProjektDllCpp.vcxproj", "{AC660F04-D308-4192-A13B-49DE139C710E}"
EndProject
Project("{8BC9CEB8-8B4A-11D0-8D11-00A0C91BC942}") = "JaProjektDllAsm", "JaProjektDllAsm\JaProjektDllAsm.vcxproj", "{C35C1952-DD7D-4CC1-A5F0-D42CB26BAAB4}"
EndProject
Global
	GlobalSection(SolutionConfigurationPlatforms) = preSolution
		Debug|x64 = Debug|x64
		Debug|x86 = Debug|x86
		Release|x64 = Release|x64
		Release|x86 = Release|x86
	EndGlobalSection
	GlobalSection(ProjectConfigurationPlatforms) = postSolution
		{A2AE766C-ED35-4B3F-A3C9-EF30D03D5CAB}.Debug|x64.ActiveCfg = Debug|x64
		{A2AE766C-ED35-4B3F-A3C9-EF30D03D5CAB}.Debug|x64.Build.0 = Debug|x64
		{A2AE766C-ED35-4B3F-A3C9-EF30D03D5CAB}.Debug|x86.ActiveCfg = Debug|Win32
		{A2AE766C-ED35-4B3F-A3C9-EF30D03D5CAB}.Debug|x86.Build.0 = Debug|Win32
		{A2AE766C-ED35-4B3F-A3C9-EF30D03D5CAB}.Release|x64.ActiveCfg = Release|x64
		{A2AE766C-ED35-4B3F-A3C9-EF30D03D5CAB}.Release|x64.Build.0 = Release|x64
		{A2AE766C-ED35-4B3F-A3C9-EF30D03D5CAB}.Release|x86.ActiveCfg = Release|Win32
		{A2AE766C-ED35-4B3F-A3C9-EF30D03D5CAB}.Release|x86.Build.0 = Release|Win32
		{AC660F04-D308-4192-A13B-49DE139C710E}.Debug|x64.ActiveCfg = Debug|x64
		{AC660F04-D308-4192-A13B-49DE139C710E}.Debug|x64.Build.0 = Debug|x64
		{AC660F04-D308-4192-A13B-49DE139C710E}.Debug|x86.ActiveCfg = Debug|Win32
		{AC660F04-D308-4192-A13B-49DE139C710E}.Debug|x86.Build.0 = Debug|Win32
		{AC660F04-D308-4192-A13B-49DE139C710E}.Release|x64.ActiveCfg = Release|x64
		{AC660F04-D308-4192-A13B-49DE139C710E}.Release|x64.Build.0 = Release|x64
		{AC660F04-D308-4192-A13B-49DE139C710E}.Release|x86.ActiveCfg = Release|Win32
		{AC660F04-D308-4192-A13B-49DE139C710E}.Release|x86.Build.0 = Release|Win32
		{C35C1952-DD7D-4CC1-A5F0-D42CB26BAAB4}.Debug|x64.ActiveCfg = Debug|x64
		{C35C1952-DD7D-4CC1-A5F0-D42CB26BAAB4}.Debug|x64.Build.0 = Debug|x64
		{C35C1952-DD7D-4CC1-A5F0-D42CB26BAAB4}.Debug|x86.ActiveCfg = Debug|Win32
		{C35C1952-DD7D-4CC1-A5F0-D42CB26BAAB4}.Debug|x86.Build.0 = Debug|Win32
		{C35C1952-DD7D-4CC1-A5F0-D42CB26BAAB4}.Release|x64.ActiveCfg = Release|x64
		{C35C1952-DD7D-4CC1-A5F0-D42CB26BAAB4}.Release|x64.Build.0 = Release|x64
		{C35C1952-DD7D-4CC1-A5F0-D42CB26BAAB4}.Release|x86.ActiveCfg = Release|Win32
		{C35C1952-DD7D-4CC1-A5F0-D42CB26BAAB4}.Release|x86.Build.0 = Release|Win32
	EndGlobalSection
	GlobalSection(SolutionProperties) = preSolution
		HideSolutionNode = FALSE
	EndGlobalSection
	GlobalSection(ExtensibilityGlobals) = postSolution
		SolutionGuid = {DC9C0782-81E2-445A-9605-E9FE7B833A9C}
	EndGlobalSection
EndGlobal
